{
  "name": "React",
  "lockfileVersion": 3,
  "requires": true,
  "packages": {
    "": {
      "dependencies": {
        "bun": "^1.1.22"
      }
    },
    "node_modules/@oven/bun-darwin-aarch64": {
      "version": "1.1.22",
      "resolved": "https://registry.npmjs.org/@oven/bun-darwin-aarch64/-/bun-darwin-aarch64-1.1.22.tgz",
      "integrity": "sha512-1sNo/mXEWmf/opHyQElIZwUUwamR97d/xreQ3rTypDdqObbWbTH7Y8EhpOwqMeP+WKW/+WgyXAks0dI+guFr8Q==",
      "cpu": [
        "arm64"
      ],
      "license": "MIT",
      "optional": true,
      "os": [
        "darwin"
      ]
    },
    "node_modules/@oven/bun-darwin-x64": {
      "version": "1.1.22",
      "resolved": "https://registry.npmjs.org/@oven/bun-darwin-x64/-/bun-darwin-x64-1.1.22.tgz",
      "integrity": "sha512-keEPJtDlvu/36J+NX1JUh6+u0PiyoRLVGdDNaVU5LsphnYIVL8A4VLAE+xA5FMPlvMyjVua8kYbgUuTTHJJGpg==",
      "cpu": [
        "x64"
      ],
      "license": "MIT",
      "optional": true,
      "os": [
        "darwin"
      ]
    },
    "node_modules/@oven/bun-darwin-x64-baseline": {
      "version": "1.1.22",
      "resolved": "https://registry.npmjs.org/@oven/bun-darwin-x64-baseline/-/bun-darwin-x64-baseline-1.1.22.tgz",
      "integrity": "sha512-r1IOBt7A3NVfM3/PYkfpef3fo1cIdznRzCpE/XwEquYBbMFcvRETWWRUUNK80MFttYaPQuhyHui/b0VLJhoaEw==",
      "cpu": [
        "x64"
      ],
      "license": "MIT",
      "optional": true,
      "os": [
        "darwin"
      ]
    },
    "node_modules/@oven/bun-linux-aarch64": {
      "version": "1.1.22",
      "resolved": "https://registry.npmjs.org/@oven/bun-linux-aarch64/-/bun-linux-aarch64-1.1.22.tgz",
      "integrity": "sha512-qL7IVUIaCFzSYae1UhX0rSbG1I1ARH7t3d9EMUxG//nBOqdI5xgEmpFCWPh8Y1mdpPl3bPMT0EvmNx/HjFrUJw==",
      "cpu": [
        "arm64"
      ],
      "license": "MIT",
      "optional": true,
      "os": [
        "linux"
      ]
    },
    "node_modules/@oven/bun-linux-x64": {
      "version": "1.1.22",
      "resolved": "https://registry.npmjs.org/@oven/bun-linux-x64/-/bun-linux-x64-1.1.22.tgz",
      "integrity": "sha512-y4ugmfIg9GlXgZPj2mE5D9g+ou8kwMgSraR4zWvaPPSGDB2nbULGAA9S5DCVEBAuTBxMgh3wXlEgZwQKPmDPuQ==",
      "cpu": [
        "x64"
      ],
      "license": "MIT",
      "optional": true,
      "os": [
        "linux"
      ]
    },
    "node_modules/@oven/bun-linux-x64-baseline": {
      "version": "1.1.22",
      "resolved": "https://registry.npmjs.org/@oven/bun-linux-x64-baseline/-/bun-linux-x64-baseline-1.1.22.tgz",
      "integrity": "sha512-xTaKbyAxn4jI5CaL13mhkj/wCNphDVHrxMIEfPW4rkVbnY/4Ci2uG9dRrNAXCxwRmyflcp8t2KWmmAUBS95McQ==",
      "cpu": [
        "x64"
      ],
      "license": "MIT",
      "optional": true,
      "os": [
        "linux"
      ]
    },
    "node_modules/@oven/bun-windows-x64": {
      "version": "1.1.22",
      "resolved": "https://registry.npmjs.org/@oven/bun-windows-x64/-/bun-windows-x64-1.1.22.tgz",
      "integrity": "sha512-VNgJaK54MnyS4o47JBN0oMh+75kgaHrMt3HWS3Ree1zn2qYyAexeC9m6KPynHGtNFQrxuhHv5ULxJ0Z0pAU7+A==",
      "cpu": [
        "x64"
      ],
      "license": "MIT",
      "optional": true,
      "os": [
        "win32"
      ]
    },
    "node_modules/@oven/bun-windows-x64-baseline": {
      "version": "1.1.22",
      "resolved": "https://registry.npmjs.org/@oven/bun-windows-x64-baseline/-/bun-windows-x64-baseline-1.1.22.tgz",
      "integrity": "sha512-Xdf0ZgonVup+YgFSTaGkzDpgcxojc2whFcaNvV0BJtTsl2MeAwGFl98AziGJSCh0ooG80ipUEIUoxDJBWxaEYw==",
      "cpu": [
        "x64"
      ],
      "license": "MIT",
      "optional": true,
      "os": [
        "win32"
      ]
    },
    "node_modules/bun": {
      "version": "1.1.22",
      "resolved": "https://registry.npmjs.org/bun/-/bun-1.1.22.tgz",
      "integrity": "sha512-G2HCPhzhjDc2jEDkZsO9vwPlpHrTm7a8UVwx9oNS5bZqo5OcSK5GPuWYDWjj7+37bRk5OVLfeIvUMtSrbKeIjQ==",
      "cpu": [
        "arm64",
        "x64"
      ],
      "hasInstallScript": true,
      "license": "MIT",
      "os": [
        "darwin",
        "linux",
        "win32"
      ],
      "bin": {
        "bun": "bin/bun.exe",
        "bunx": "bin/bun.exe"
      },
      "optionalDependencies": {
        "@oven/bun-darwin-aarch64": "1.1.22",
        "@oven/bun-darwin-x64": "1.1.22",
        "@oven/bun-darwin-x64-baseline": "1.1.22",
        "@oven/bun-linux-aarch64": "1.1.22",
        "@oven/bun-linux-x64": "1.1.22",
        "@oven/bun-linux-x64-baseline": "1.1.22",
        "@oven/bun-windows-x64": "1.1.22",
        "@oven/bun-windows-x64-baseline": "1.1.22"
      }
    }
  }
}
